
Microsoft Visual Studio Solution File, Format Version 12.00
# Visual Studio 15
VisualStudioVersion = 15.0.28307.572
MinimumVisualStudioVersion = 10.0.40219.1
Project("{FAE04EC0-301F-11D3-BF4B-00C04F79EFBC}") = "KllProgress", "KllProgress\KllProgress.csproj", "{5C1A121B-2F15-452A-A028-0EFACC489B2D}"
EndProject
Project("{FAE04EC0-301F-11D3-BF4B-00C04F79EFBC}") = "NongLi", "NongLi\NongLi.csproj", "{CE564FF8-D4A3-4E10-B5E7-033795E1ADFC}"
EndProject
Project("{FAE04EC0-301F-11D3-BF4B-00C04F79EFBC}") = "ImagesAnimation", "ImagesAnimation\ImagesAnimation.csproj", "{6B32C00D-AF8B-46A6-8F6F-D4626F2F92B7}"
EndProject
Project("{FAE04EC0-301F-11D3-BF4B-00C04F79EFBC}") = "ConsoleApp1", "ConsoleApp1\ConsoleApp1.csproj", "{4D7AB8D8-8446-486E-907F-FF36857ED324}"
EndProject
Project("{FAE04EC0-301F-11D3-BF4B-00C04F79EFBC}") = "NanUI", "NanUI\NanUI.csproj", "{220C9B69-70DA-4DE6-A7FF-1C6383643FC0}"
EndProject
Project("{2150E333-8FDC-42A3-9474-1A3956D46DE8}") = "引用外部资源", "引用外部资源", "{4B0A9CD6-9717-4A6C-AED1-7810237ADC54}"
EndProject
Project("{FAE04EC0-301F-11D3-BF4B-00C04F79EFBC}") = "ImageInDll", "ImageInDll\ImageInDll.csproj", "{41A4EE38-203C-4861-A09B-9957C97913E7}"
EndProject
Project("{FAE04EC0-301F-11D3-BF4B-00C04F79EFBC}") = "UserShow", "UserShow\UserShow.csproj", "{C98037BF-2131-4C95-8B18-F5F3CEA592EC}"
EndProject
Global
	GlobalSection(SolutionConfigurationPlatforms) = preSolution
		Debug|Any CPU = Debug|Any CPU
		Release|Any CPU = Release|Any CPU
	EndGlobalSection
	GlobalSection(ProjectConfigurationPlatforms) = postSolution
		{5C1A121B-2F15-452A-A028-0EFACC489B2D}.Debug|Any CPU.ActiveCfg = Debug|Any CPU
		{5C1A121B-2F15-452A-A028-0EFACC489B2D}.Debug|Any CPU.Build.0 = Debug|Any CPU
		{5C1A121B-2F15-452A-A028-0EFACC489B2D}.Release|Any CPU.ActiveCfg = Release|Any CPU
		{5C1A121B-2F15-452A-A028-0EFACC489B2D}.Release|Any CPU.Build.0 = Release|Any CPU
		{CE564FF8-D4A3-4E10-B5E7-033795E1ADFC}.Debug|Any CPU.ActiveCfg = Debug|Any CPU
		{CE564FF8-D4A3-4E10-B5E7-033795E1ADFC}.Debug|Any CPU.Build.0 = Debug|Any CPU
		{CE564FF8-D4A3-4E10-B5E7-033795E1ADFC}.Release|Any CPU.ActiveCfg = Release|Any CPU
		{CE564FF8-D4A3-4E10-B5E7-033795E1ADFC}.Release|Any CPU.Build.0 = Release|Any CPU
		{6B32C00D-AF8B-46A6-8F6F-D4626F2F92B7}.Debug|Any CPU.ActiveCfg = Debug|Any CPU
		{6B32C00D-AF8B-46A6-8F6F-D4626F2F92B7}.Debug|Any CPU.Build.0 = Debug|Any CPU
		{6B32C00D-AF8B-46A6-8F6F-D4626F2F92B7}.Release|Any CPU.ActiveCfg = Release|Any CPU
		{6B32C00D-AF8B-46A6-8F6F-D4626F2F92B7}.Release|Any CPU.Build.0 = Release|Any CPU
		{4D7AB8D8-8446-486E-907F-FF36857ED324}.Debug|Any CPU.ActiveCfg = Debug|Any CPU
		{4D7AB8D8-8446-486E-907F-FF36857ED324}.Debug|Any CPU.Build.0 = Debug|Any CPU
		{4D7AB8D8-8446-486E-907F-FF36857ED324}.Release|Any CPU.ActiveCfg = Release|Any CPU
		{4D7AB8D8-8446-486E-907F-FF36857ED324}.Release|Any CPU.Build.0 = Release|Any CPU
		{220C9B69-70DA-4DE6-A7FF-1C6383643FC0}.Debug|Any CPU.ActiveCfg = Debug|Any CPU
		{220C9B69-70DA-4DE6-A7FF-1C6383643FC0}.Debug|Any CPU.Build.0 = Debug|Any CPU
		{220C9B69-70DA-4DE6-A7FF-1C6383643FC0}.Release|Any CPU.ActiveCfg = Release|Any CPU
		{220C9B69-70DA-4DE6-A7FF-1C6383643FC0}.Release|Any CPU.Build.0 = Release|Any CPU
		{41A4EE38-203C-4861-A09B-9957C97913E7}.Debug|Any CPU.ActiveCfg = Debug|Any CPU
		{41A4EE38-203C-4861-A09B-9957C97913E7}.Debug|Any CPU.Build.0 = Debug|Any CPU
		{41A4EE38-203C-4861-A09B-9957C97913E7}.Release|Any CPU.ActiveCfg = Release|Any CPU
		{41A4EE38-203C-4861-A09B-9957C97913E7}.Release|Any CPU.Build.0 = Release|Any CPU
		{C98037BF-2131-4C95-8B18-F5F3CEA592EC}.Debug|Any CPU.ActiveCfg = Debug|Any CPU
		{C98037BF-2131-4C95-8B18-F5F3CEA592EC}.Debug|Any CPU.Build.0 = Debug|Any CPU
		{C98037BF-2131-4C95-8B18-F5F3CEA592EC}.Release|Any CPU.ActiveCfg = Release|Any CPU
		{C98037BF-2131-4C95-8B18-F5F3CEA592EC}.Release|Any CPU.Build.0 = Release|Any CPU
	EndGlobalSection
	GlobalSection(SolutionProperties) = preSolution
		HideSolutionNode = FALSE
	EndGlobalSection
	GlobalSection(NestedProjects) = preSolution
		{41A4EE38-203C-4861-A09B-9957C97913E7} = {4B0A9CD6-9717-4A6C-AED1-7810237ADC54}
		{C98037BF-2131-4C95-8B18-F5F3CEA592EC} = {4B0A9CD6-9717-4A6C-AED1-7810237ADC54}
	EndGlobalSection
	GlobalSection(ExtensibilityGlobals) = postSolution
		SolutionGuid = {4F1A9525-5E14-48B7-AD30-DE9BF7D4B6EA}
	EndGlobalSection
EndGlobal
